
Microsoft Visual Studio Solution File, Format Version 12.00
# Visual Studio 15
Project("{FAE04EC0-301F-11D3-BF4B-00C04F79EFBC}") = "Assembly-CSharp-firstpass", "Assembly-CSharp-firstpass.csproj", "{C3581B23-8A4C-8582-1A34-0924C38B5AA2}"
EndProject
Project("{FAE04EC0-301F-11D3-BF4B-00C04F79EFBC}") = "Assembly-CSharp", "Assembly-CSharp.csproj", "{1C66AC9C-56D9-A56F-FB5B-0C77ABFC118F}"
EndProject
Project("{FAE04EC0-301F-11D3-BF4B-00C04F79EFBC}") = "Assembly-CSharp-Editor-firstpass", "Assembly-CSharp-Editor-firstpass.csproj", "{48BC7044-C834-8E41-F549-9A119CD96F6A}"
EndProject
Global
	GlobalSection(SolutionConfigurationPlatforms) = preSolution
		Debug|Any CPU = Debug|Any CPU
		Release|Any CPU = Release|Any CPU
	EndGlobalSection
	GlobalSection(ProjectConfigurationPlatforms) = postSolution
		{C3581B23-8A4C-8582-1A34-0924C38B5AA2}.Debug|Any CPU.ActiveCfg = Debug|Any CPU
		{C3581B23-8A4C-8582-1A34-0924C38B5AA2}.Debug|Any CPU.Build.0 = Debug|Any CPU
		{C3581B23-8A4C-8582-1A34-0924C38B5AA2}.Release|Any CPU.ActiveCfg = Release|Any CPU
		{C3581B23-8A4C-8582-1A34-0924C38B5AA2}.Release|Any CPU.Build.0 = Release|Any CPU
		{1C66AC9C-56D9-A56F-FB5B-0C77ABFC118F}.Debug|Any CPU.ActiveCfg = Debug|Any CPU
		{1C66AC9C-56D9-A56F-FB5B-0C77ABFC118F}.Debug|Any CPU.Build.0 = Debug|Any CPU
		{1C66AC9C-56D9-A56F-FB5B-0C77ABFC118F}.Release|Any CPU.ActiveCfg = Release|Any CPU
		{1C66AC9C-56D9-A56F-FB5B-0C77ABFC118F}.Release|Any CPU.Build.0 = Release|Any CPU
		{48BC7044-C834-8E41-F549-9A119CD96F6A}.Debug|Any CPU.ActiveCfg = Debug|Any CPU
		{48BC7044-C834-8E41-F549-9A119CD96F6A}.Debug|Any CPU.Build.0 = Debug|Any CPU
		{48BC7044-C834-8E41-F549-9A119CD96F6A}.Release|Any CPU.ActiveCfg = Release|Any CPU
		{48BC7044-C834-8E41-F549-9A119CD96F6A}.Release|Any CPU.Build.0 = Release|Any CPU
	EndGlobalSection
	GlobalSection(SolutionProperties) = preSolution
		HideSolutionNode = FALSE
	EndGlobalSection
EndGlobal
